{"filter":false,"title":"Gemfile.lock","tooltip":"/demo/Gemfile.lock","undoManager":{"mark":0,"position":0,"stack":[[{"start":{"row":41,"column":0},"end":{"row":42,"column":0},"action":"insert","lines":["    bcrypt (3.1.13)",""],"id":2,"ignore":true},{"start":{"row":159,"column":0},"end":{"row":160,"column":0},"action":"insert","lines":["  bcrypt (~> 3.1.7)",""]}]]},"ace":{"folds":[],"scrolltop":0,"scrollleft":0,"selection":{"start":{"row":0,"column":0},"end":{"row":0,"column":0},"isBackwards":false},"options":{"guessTabSize":true,"useWrapMode":false,"wrapToView":true},"firstLineState":0},"timestamp":1593092232092,"hash":"0661be40197351500769da9c6e8db5b8a1267599"}